// !$*UTF8*$!
{
	archiveVersion = 1;
	classes = {
	};
	objectVersion = 53;
	objects = {

/* Begin PBXBuildFile section */
		3E32488829CFFE1E009CDE34 /* libglfw3.a in Frameworks */ = {isa = PBXBuildFile; fileRef = 3E32488729CFFE1E009CDE34 /* libglfw3.a */; };
		3E32488A29CFFE22009CDE34 /* IOKit.framework in Frameworks */ = {isa = PBXBuildFile; fileRef = 3E32488929CFFE22009CDE34 /* IOKit.framework */; };
		3E32488C29CFFE32009CDE34 /* Cocoa.framework in Frameworks */ = {isa = PBXBuildFile; fileRef = 3E32488B29CFFE32009CDE34 /* Cocoa.framework */; };
		3E56AB67297E0E6E00DB5F4F /* main.mm in Sources */ = {isa = PBXBuildFile; fileRef = 3E56AB66297E0E6E00DB5F4F /* main.mm */; };
		3E581F1629871D3000E5CDF6 /* QuartzCore.framework in Frameworks */ = {isa = PBXBuildFile; fileRef = 3E581F1529871D3000E5CDF6 /* QuartzCore.framework */; };
		3E581F1829871D3400E5CDF6 /* Metal.framework in Frameworks */ = {isa = PBXBuildFile; fileRef = 3E581F1729871D3400E5CDF6 /* Metal.framework */; };
		3E581F1A29871D4300E5CDF6 /* Foundation.framework in Frameworks */ = {isa = PBXBuildFile; fileRef = 3E581F1929871D4300E5CDF6 /* Foundation.framework */; };
		3E6B88E429A56CCD0087A2B1 /* stb_image.cpp in Sources */ = {isa = PBXBuildFile; fileRef = 3E6B88E229A56CCD0087A2B1 /* stb_image.cpp */; };
		3E6DC92C29A81BE000C097E2 /* AAPLMathUtilities.cpp in Sources */ = {isa = PBXBuildFile; fileRef = 3E6DC92A29A81BE000C097E2 /* AAPLMathUtilities.cpp */; };
		3E76CD6C298767CD00178E19 /* mtl_engine.mm in Sources */ = {isa = PBXBuildFile; fileRef = 3E76CD6A298767CD00178E19 /* mtl_engine.mm */; };
		3E76CD6E2987690700178E19 /* mtl_implementation.cpp in Sources */ = {isa = PBXBuildFile; fileRef = 3E76CD6D2987690700178E19 /* mtl_implementation.cpp */; };
		3E76CD7229876E7600178E19 /* cube.metal in Sources */ = {isa = PBXBuildFile; fileRef = 3E76CD7129876E7600178E19 /* cube.metal */; };
		3E9F222B29A06F6500383DCA /* Texture.cpp in Sources */ = {isa = PBXBuildFile; fileRef = 3E9F222929A06F6500383DCA /* Texture.cpp */; };
/* End PBXBuildFile section */

/* Begin PBXCopyFilesBuildPhase section */
		3E56AB61297E0E6E00DB5F4F /* CopyFiles */ = {
			isa = PBXCopyFilesBuildPhase;
			buildActionMask = 2147483647;
			dstPath = /usr/share/man/man1/;
			dstSubfolderSpec = 0;
			files = (
			);
			runOnlyForDeploymentPostprocessing = 1;
		};
/* End PBXCopyFilesBuildPhase section */

/* Begin PBXFileReference section */
		3E32488529CFFDDD009CDE34 /* include */ = {isa = PBXFileReference; lastKnownFileType = folder; path = include; sourceTree = "<group>"; };
		3E32488629CFFDDD009CDE34 /* lib-universal */ = {isa = PBXFileReference; lastKnownFileType = folder; path = "lib-universal"; sourceTree = "<group>"; };
		3E32488729CFFE1E009CDE34 /* libglfw3.a */ = {isa = PBXFileReference; lastKnownFileType = archive.ar; name = libglfw3.a; path = "external/GLFW/lib-universal/libglfw3.a"; sourceTree = "<group>"; };
		3E32488929CFFE22009CDE34 /* IOKit.framework */ = {isa = PBXFileReference; lastKnownFileType = wrapper.framework; name = IOKit.framework; path = System/Library/Frameworks/IOKit.framework; sourceTree = SDKROOT; };
		3E32488B29CFFE32009CDE34 /* Cocoa.framework */ = {isa = PBXFileReference; lastKnownFileType = wrapper.framework; name = Cocoa.framework; path = System/Library/Frameworks/Cocoa.framework; sourceTree = SDKROOT; };
		3E47CD272987185800938A41 /* metal-cpp */ = {isa = PBXFileReference; lastKnownFileType = folder; path = "metal-cpp"; sourceTree = "<group>"; };
		3E56AB63297E0E6E00DB5F4F /* Metal-Tutorial */ = {isa = PBXFileReference; explicitFileType = "compiled.mach-o.executable"; includeInIndex = 0; path = "Metal-Tutorial"; sourceTree = BUILT_PRODUCTS_DIR; };
		3E56AB66297E0E6E00DB5F4F /* main.mm */ = {isa = PBXFileReference; lastKnownFileType = sourcecode.cpp.objcpp; path = main.mm; sourceTree = "<group>"; };
		3E581F1529871D3000E5CDF6 /* QuartzCore.framework */ = {isa = PBXFileReference; lastKnownFileType = wrapper.framework; name = QuartzCore.framework; path = System/Library/Frameworks/QuartzCore.framework; sourceTree = SDKROOT; };
		3E581F1729871D3400E5CDF6 /* Metal.framework */ = {isa = PBXFileReference; lastKnownFileType = wrapper.framework; name = Metal.framework; path = System/Library/Frameworks/Metal.framework; sourceTree = SDKROOT; };
		3E581F1929871D4300E5CDF6 /* Foundation.framework */ = {isa = PBXFileReference; lastKnownFileType = wrapper.framework; name = Foundation.framework; path = System/Library/Frameworks/Foundation.framework; sourceTree = SDKROOT; };
		3E6B88E229A56CCD0087A2B1 /* stb_image.cpp */ = {isa = PBXFileReference; fileEncoding = 4; lastKnownFileType = sourcecode.cpp.cpp; path = stb_image.cpp; sourceTree = "<group>"; };
		3E6B88E329A56CCD0087A2B1 /* stb_image.h */ = {isa = PBXFileReference; fileEncoding = 4; lastKnownFileType = sourcecode.c.h; path = stb_image.h; sourceTree = "<group>"; };
		3E6DC92A29A81BE000C097E2 /* AAPLMathUtilities.cpp */ = {isa = PBXFileReference; fileEncoding = 4; lastKnownFileType = sourcecode.cpp.cpp; path = AAPLMathUtilities.cpp; sourceTree = "<group>"; };
		3E6DC92B29A81BE000C097E2 /* AAPLMathUtilities.h */ = {isa = PBXFileReference; fileEncoding = 4; lastKnownFileType = sourcecode.c.h; path = AAPLMathUtilities.h; sourceTree = "<group>"; };
		3E76CD672987671200178E19 /* libglfw.3.3.dylib */ = {isa = PBXFileReference; lastKnownFileType = "compiled.mach-o.dylib"; name = libglfw.3.3.dylib; path = ../../../../../opt/homebrew/Cellar/glfw/3.3.8/lib/libglfw.3.3.dylib; sourceTree = "<group>"; };
		3E76CD692987675300178E19 /* Metal-Tutorial.entitlements */ = {isa = PBXFileReference; lastKnownFileType = text.plist.entitlements; path = "Metal-Tutorial.entitlements"; sourceTree = "<group>"; };
		3E76CD6A298767CD00178E19 /* mtl_engine.mm */ = {isa = PBXFileReference; lastKnownFileType = sourcecode.cpp.objcpp; path = mtl_engine.mm; sourceTree = "<group>"; };
		3E76CD6B298767CD00178E19 /* mtl_engine.hpp */ = {isa = PBXFileReference; lastKnownFileType = sourcecode.cpp.h; path = mtl_engine.hpp; sourceTree = "<group>"; };
		3E76CD6D2987690700178E19 /* mtl_implementation.cpp */ = {isa = PBXFileReference; lastKnownFileType = sourcecode.cpp.cpp; path = mtl_implementation.cpp; sourceTree = "<group>"; };
		3E76CD7129876E7600178E19 /* cube.metal */ = {isa = PBXFileReference; lastKnownFileType = sourcecode.metal; path = cube.metal; sourceTree = "<group>"; };
		3E9F222029A04ED300383DCA /* VertexData.hpp */ = {isa = PBXFileReference; lastKnownFileType = sourcecode.cpp.h; path = VertexData.hpp; sourceTree = "<group>"; };
		3E9F222429A060BA00383DCA /* mc_grass.jpeg */ = {isa = PBXFileReference; lastKnownFileType = image.jpeg; path = mc_grass.jpeg; sourceTree = "<group>"; };
		3E9F222929A06F6500383DCA /* Texture.cpp */ = {isa = PBXFileReference; lastKnownFileType = sourcecode.cpp.cpp; path = Texture.cpp; sourceTree = "<group>"; };
		3E9F222A29A06F6500383DCA /* Texture.hpp */ = {isa = PBXFileReference; lastKnownFileType = sourcecode.cpp.h; path = Texture.hpp; sourceTree = "<group>"; };
/* End PBXFileReference section */

/* Begin PBXFrameworksBuildPhase section */
		3E56AB60297E0E6E00DB5F4F /* Frameworks */ = {
			isa = PBXFrameworksBuildPhase;
			buildActionMask = 2147483647;
			files = (
				3E32488C29CFFE32009CDE34 /* Cocoa.framework in Frameworks */,
				3E32488A29CFFE22009CDE34 /* IOKit.framework in Frameworks */,
				3E32488829CFFE1E009CDE34 /* libglfw3.a in Frameworks */,
				3E581F1A29871D4300E5CDF6 /* Foundation.framework in Frameworks */,
				3E581F1829871D3400E5CDF6 /* Metal.framework in Frameworks */,
				3E581F1629871D3000E5CDF6 /* QuartzCore.framework in Frameworks */,
			);
			runOnlyForDeploymentPostprocessing = 0;
		};
/* End PBXFrameworksBuildPhase section */

/* Begin PBXGroup section */
		3E32488429CFFDC8009CDE34 /* GLFW */ = {
			isa = PBXGroup;
			children = (
				3E32488529CFFDDD009CDE34 /* include */,
				3E32488629CFFDDD009CDE34 /* lib-universal */,
			);
			path = GLFW;
			sourceTree = "<group>";
		};
		3E56AB5A297E0E6E00DB5F4F = {
			isa = PBXGroup;
			children = (
				3E9F222329A060A600383DCA /* assets */,
				3E47CD272987185800938A41 /* metal-cpp */,
				3E9F222129A05FDB00383DCA /* external */,
				3E56AB65297E0E6E00DB5F4F /* Metal-Tutorial */,
				3E56AB64297E0E6E00DB5F4F /* Products */,
				3E581F1429871D3000E5CDF6 /* Frameworks */,
			);
			sourceTree = "<group>";
		};
		3E56AB64297E0E6E00DB5F4F /* Products */ = {
			isa = PBXGroup;
			children = (
				3E56AB63297E0E6E00DB5F4F /* Metal-Tutorial */,
			);
			name = Products;
			sourceTree = "<group>";
		};
		3E56AB65297E0E6E00DB5F4F /* Metal-Tutorial */ = {
			isa = PBXGroup;
			children = (
				3E76CD692987675300178E19 /* Metal-Tutorial.entitlements */,
				3E76CD7129876E7600178E19 /* cube.metal */,
				3E56AB66297E0E6E00DB5F4F /* main.mm */,
				3E76CD6A298767CD00178E19 /* mtl_engine.mm */,
				3E76CD6B298767CD00178E19 /* mtl_engine.hpp */,
				3E76CD6D2987690700178E19 /* mtl_implementation.cpp */,
				3E9F222929A06F6500383DCA /* Texture.cpp */,
				3E9F222A29A06F6500383DCA /* Texture.hpp */,
				3E9F222029A04ED300383DCA /* VertexData.hpp */,
				3E6DC92A29A81BE000C097E2 /* AAPLMathUtilities.cpp */,
				3E6DC92B29A81BE000C097E2 /* AAPLMathUtilities.h */,
			);
			path = "Metal-Tutorial";
			sourceTree = "<group>";
		};
		3E581F1429871D3000E5CDF6 /* Frameworks */ = {
			isa = PBXGroup;
			children = (
				3E32488B29CFFE32009CDE34 /* Cocoa.framework */,
				3E32488929CFFE22009CDE34 /* IOKit.framework */,
				3E32488729CFFE1E009CDE34 /* libglfw3.a */,
				3E76CD672987671200178E19 /* libglfw.3.3.dylib */,
				3E581F1929871D4300E5CDF6 /* Foundation.framework */,
				3E581F1729871D3400E5CDF6 /* Metal.framework */,
				3E581F1529871D3000E5CDF6 /* QuartzCore.framework */,
			);
			name = Frameworks;
			sourceTree = "<group>";
		};
		3E6B88E529A56CD60087A2B1 /* stb */ = {
			isa = PBXGroup;
			children = (
				3E6B88E229A56CCD0087A2B1 /* stb_image.cpp */,
				3E6B88E329A56CCD0087A2B1 /* stb_image.h */,
			);
			path = stb;
			sourceTree = "<group>";
		};
		3E9F222129A05FDB00383DCA /* external */ = {
			isa = PBXGroup;
			children = (
				3E32488429CFFDC8009CDE34 /* GLFW */,
				3E6B88E529A56CD60087A2B1 /* stb */,
			);
			path = external;
			sourceTree = "<group>";
		};
		3E9F222329A060A600383DCA /* assets */ = {
			isa = PBXGroup;
			children = (
				3E9F222429A060BA00383DCA /* mc_grass.jpeg */,
			);
			path = assets;
			sourceTree = "<group>";
		};
/* End PBXGroup section */

/* Begin PBXNativeTarget section */
		3E56AB62297E0E6E00DB5F4F /* Metal-Tutorial */ = {
			isa = PBXNativeTarget;
			buildConfigurationList = 3E56AB6A297E0E6E00DB5F4F /* Build configuration list for PBXNativeTarget "Metal-Tutorial" */;
			buildPhases = (
				3E56AB5F297E0E6E00DB5F4F /* Sources */,
				3E56AB60297E0E6E00DB5F4F /* Frameworks */,
				3E56AB61297E0E6E00DB5F4F /* CopyFiles */,
			);
			buildRules = (
			);
			dependencies = (
			);
			name = "Metal-Tutorial";
			productName = "Metal-Guide";
			productReference = 3E56AB63297E0E6E00DB5F4F /* Metal-Tutorial */;
			productType = "com.apple.product-type.tool";
		};
/* End PBXNativeTarget section */

/* Begin PBXProject section */
		3E56AB5B297E0E6E00DB5F4F /* Project object */ = {
			isa = PBXProject;
			attributes = {
				BuildIndependentTargetsInParallel = 1;
				LastUpgradeCheck = 1420;
				TargetAttributes = {
					3E56AB62297E0E6E00DB5F4F = {
						CreatedOnToolsVersion = 14.2;
					};
				};
			};
			buildConfigurationList = 3E56AB5E297E0E6E00DB5F4F /* Build configuration list for PBXProject "Metal-Tutorial" */;
			compatibilityVersion = "Xcode 11.0";
			developmentRegion = en;
			hasScannedForEncodings = 0;
			knownRegions = (
				en,
				Base,
			);
			mainGroup = 3E56AB5A297E0E6E00DB5F4F;
			productRefGroup = 3E56AB64297E0E6E00DB5F4F /* Products */;
			projectDirPath = "";
			projectRoot = "";
			targets = (
				3E56AB62297E0E6E00DB5F4F /* Metal-Tutorial */,
			);
		};
/* End PBXProject section */

/* Begin PBXSourcesBuildPhase section */
		3E56AB5F297E0E6E00DB5F4F /* Sources */ = {
			isa = PBXSourcesBuildPhase;
			buildActionMask = 2147483647;
			files = (
				3E6B88E429A56CCD0087A2B1 /* stb_image.cpp in Sources */,
				3E76CD6E2987690700178E19 /* mtl_implementation.cpp in Sources */,
				3E76CD7229876E7600178E19 /* cube.metal in Sources */,
				3E9F222B29A06F6500383DCA /* Texture.cpp in Sources */,
				3E6DC92C29A81BE000C097E2 /* AAPLMathUtilities.cpp in Sources */,
				3E56AB67297E0E6E00DB5F4F /* main.mm in Sources */,
				3E76CD6C298767CD00178E19 /* mtl_engine.mm in Sources */,
			);
			runOnlyForDeploymentPostprocessing = 0;
		};
/* End PBXSourcesBuildPhase section */

/* Begin XCBuildConfiguration section */
		3E56AB68297E0E6E00DB5F4F /* Debug */ = {
			isa = XCBuildConfiguration;
			buildSettings = {
				ALWAYS_SEARCH_USER_PATHS = NO;
				CLANG_ANALYZER_NONNULL = YES;
				CLANG_ANALYZER_NUMBER_OBJECT_CONVERSION = YES_AGGRESSIVE;
				CLANG_CXX_LANGUAGE_STANDARD = "gnu++20";
				CLANG_ENABLE_MODULES = YES;
				CLANG_ENABLE_OBJC_ARC = YES;
				CLANG_ENABLE_OBJC_WEAK = YES;
				CLANG_WARN_BLOCK_CAPTURE_AUTORELEASING = YES;
				CLANG_WARN_BOOL_CONVERSION = YES;
				CLANG_WARN_COMMA = YES;
				CLANG_WARN_CONSTANT_CONVERSION = YES;
				CLANG_WARN_DEPRECATED_OBJC_IMPLEMENTATIONS = NO;
				CLANG_WARN_DIRECT_OBJC_ISA_USAGE = YES_ERROR;
				CLANG_WARN_DOCUMENTATION_COMMENTS = YES;
				CLANG_WARN_EMPTY_BODY = YES;
				CLANG_WARN_ENUM_CONVERSION = YES;
				CLANG_WARN_INFINITE_RECURSION = YES;
				CLANG_WARN_INT_CONVERSION = YES;
				CLANG_WARN_NON_LITERAL_NULL_CONVERSION = YES;
				CLANG_WARN_OBJC_IMPLICIT_RETAIN_SELF = YES;
				CLANG_WARN_OBJC_LITERAL_CONVERSION = YES;
				CLANG_WARN_OBJC_ROOT_CLASS = YES_ERROR;
				CLANG_WARN_QUOTED_INCLUDE_IN_FRAMEWORK_HEADER = YES;
				CLANG_WARN_RANGE_LOOP_ANALYSIS = YES;
				CLANG_WARN_STRICT_PROTOTYPES = YES;
				CLANG_WARN_SUSPICIOUS_MOVE = YES;
				CLANG_WARN_UNGUARDED_AVAILABILITY = YES_AGGRESSIVE;
				CLANG_WARN_UNREACHABLE_CODE = YES;
				CLANG_WARN__DUPLICATE_METHOD_MATCH = YES;
				COPY_PHASE_STRIP = NO;
				DEBUG_INFORMATION_FORMAT = dwarf;
				ENABLE_STRICT_OBJC_MSGSEND = YES;
				ENABLE_TESTABILITY = YES;
				GCC_C_LANGUAGE_STANDARD = gnu11;
				GCC_DYNAMIC_NO_PIC = NO;
				GCC_NO_COMMON_BLOCKS = YES;
				GCC_OPTIMIZATION_LEVEL = 0;
				GCC_PREPROCESSOR_DEFINITIONS = (
					"DEBUG=1",
					"$(inherited)",
				);
				GCC_WARN_64_TO_32_BIT_CONVERSION = YES;
				GCC_WARN_ABOUT_DEPRECATED_FUNCTIONS = NO;
				GCC_WARN_ABOUT_RETURN_TYPE = YES_ERROR;
				GCC_WARN_UNDECLARED_SELECTOR = YES;
				GCC_WARN_UNINITIALIZED_AUTOS = YES_AGGRESSIVE;
				GCC_WARN_UNUSED_FUNCTION = YES;
				GCC_WARN_UNUSED_VARIABLE = YES;
				MACOSX_DEPLOYMENT_TARGET = 13.0;
				MTL_ENABLE_DEBUG_INFO = INCLUDE_SOURCE;
				MTL_FAST_MATH = YES;
				ONLY_ACTIVE_ARCH = YES;
				SDKROOT = macosx;
			};
			name = Debug;
		};
		3E56AB69297E0E6E00DB5F4F /* Release */ = {
			isa = XCBuildConfiguration;
			buildSettings = {
				ALWAYS_SEARCH_USER_PATHS = NO;
				CLANG_ANALYZER_NONNULL = YES;
				CLANG_ANALYZER_NUMBER_OBJECT_CONVERSION = YES_AGGRESSIVE;
				CLANG_CXX_LANGUAGE_STANDARD = "gnu++20";
				CLANG_ENABLE_MODULES = YES;
				CLANG_ENABLE_OBJC_ARC = YES;
				CLANG_ENABLE_OBJC_WEAK = YES;
				CLANG_WARN_BLOCK_CAPTURE_AUTORELEASING = YES;
				CLANG_WARN_BOOL_CONVERSION = YES;
				CLANG_WARN_COMMA = YES;
				CLANG_WARN_CONSTANT_CONVERSION = YES;
				CLANG_WARN_DEPRECATED_OBJC_IMPLEMENTATIONS = NO;
				CLANG_WARN_DIRECT_OBJC_ISA_USAGE = YES_ERROR;
				CLANG_WARN_DOCUMENTATION_COMMENTS = YES;
				CLANG_WARN_EMPTY_BODY = YES;
				CLANG_WARN_ENUM_CONVERSION = YES;
				CLANG_WARN_INFINITE_RECURSION = YES;
				CLANG_WARN_INT_CONVERSION = YES;
				CLANG_WARN_NON_LITERAL_NULL_CONVERSION = YES;
				CLANG_WARN_OBJC_IMPLICIT_RETAIN_SELF = YES;
				CLANG_WARN_OBJC_LITERAL_CONVERSION = YES;
				CLANG_WARN_OBJC_ROOT_CLASS = YES_ERROR;
				CLANG_WARN_QUOTED_INCLUDE_IN_FRAMEWORK_HEADER = YES;
				CLANG_WARN_RANGE_LOOP_ANALYSIS = YES;
				CLANG_WARN_STRICT_PROTOTYPES = YES;
				CLANG_WARN_SUSPICIOUS_MOVE = YES;
				CLANG_WARN_UNGUARDED_AVAILABILITY = YES_AGGRESSIVE;
				CLANG_WARN_UNREACHABLE_CODE = YES;
				CLANG_WARN__DUPLICATE_METHOD_MATCH = YES;
				COPY_PHASE_STRIP = NO;
				DEBUG_INFORMATION_FORMAT = "dwarf-with-dsym";
				ENABLE_NS_ASSERTIONS = NO;
				ENABLE_STRICT_OBJC_MSGSEND = YES;
				GCC_C_LANGUAGE_STANDARD = gnu11;
				GCC_NO_COMMON_BLOCKS = YES;
				GCC_WARN_64_TO_32_BIT_CONVERSION = YES;
				GCC_WARN_ABOUT_DEPRECATED_FUNCTIONS = NO;
				GCC_WARN_ABOUT_RETURN_TYPE = YES_ERROR;
				GCC_WARN_UNDECLARED_SELECTOR = YES;
				GCC_WARN_UNINITIALIZED_AUTOS = YES_AGGRESSIVE;
				GCC_WARN_UNUSED_FUNCTION = YES;
				GCC_WARN_UNUSED_VARIABLE = YES;
				MACOSX_DEPLOYMENT_TARGET = 13.0;
				MTL_ENABLE_DEBUG_INFO = NO;
				MTL_FAST_MATH = YES;
				SDKROOT = macosx;
			};
			name = Release;
		};
		3E56AB6B297E0E6E00DB5F4F /* Debug */ = {
			isa = XCBuildConfiguration;
			buildSettings = {
				CLANG_WARN_DEPRECATED_OBJC_IMPLEMENTATIONS = NO;
				CODE_SIGN_ENTITLEMENTS = "Metal-Tutorial/Metal-Tutorial.entitlements";
				CODE_SIGN_STYLE = Automatic;
				DEVELOPMENT_TEAM = 8E265M4P59;
				ENABLE_HARDENED_RUNTIME = YES;
				GCC_WARN_ABOUT_DEPRECATED_FUNCTIONS = NO;
				HEADER_SEARCH_PATHS = (
					"$(PROJECT_DIR)/external/GLFW/include",
					"$(PROJECT_DIR)/metal-cpp",
					"$(PROJECT_DIR)/external",
				);
				LIBRARY_SEARCH_PATHS = "$(PROJECT_DIR)/external/GLFW/lib-universal";
				MACOSX_DEPLOYMENT_TARGET = 11.0;
				OTHER_CFLAGS = "";
				OTHER_CPLUSPLUSFLAGS = "$(OTHER_CFLAGS)";
				PRODUCT_NAME = "$(TARGET_NAME)";
				WARNING_CFLAGS = "";
			};
			name = Debug;
		};
		3E56AB6C297E0E6E00DB5F4F /* Release */ = {
			isa = XCBuildConfiguration;
			buildSettings = {
				CLANG_WARN_DEPRECATED_OBJC_IMPLEMENTATIONS = NO;
				CODE_SIGN_ENTITLEMENTS = "Metal-Tutorial/Metal-Tutorial.entitlements";
				CODE_SIGN_STYLE = Automatic;
				DEVELOPMENT_TEAM = 8E265M4P59;
				ENABLE_HARDENED_RUNTIME = YES;
				GCC_WARN_ABOUT_DEPRECATED_FUNCTIONS = NO;
				HEADER_SEARCH_PATHS = (
					"$(PROJECT_DIR)/external/GLFW/include",
					"$(PROJECT_DIR)/metal-cpp",
					"$(PROJECT_DIR)/external",
				);
				LIBRARY_SEARCH_PATHS = "$(PROJECT_DIR)/external/GLFW/lib-universal";
				MACOSX_DEPLOYMENT_TARGET = 11.0;
				ONLY_ACTIVE_ARCH = YES;
				OTHER_CFLAGS = "";
				OTHER_CPLUSPLUSFLAGS = "$(OTHER_CFLAGS)";
				PRODUCT_NAME = "$(TARGET_NAME)";
				WARNING_CFLAGS = "";
			};
			name = Release;
		};
/* End XCBuildConfiguration section */

/* Begin XCConfigurationList section */
		3E56AB5E297E0E6E00DB5F4F /* Build configuration list for PBXProject "Metal-Tutorial" */ = {
			isa = XCConfigurationList;
			buildConfigurations = (
				3E56AB68297E0E6E00DB5F4F /* Debug */,
				3E56AB69297E0E6E00DB5F4F /* Release */,
			);
			defaultConfigurationIsVisible = 0;
			defaultConfigurationName = Release;
		};
		3E56AB6A297E0E6E00DB5F4F /* Build configuration list for PBXNativeTarget "Metal-Tutorial" */ = {
			isa = XCConfigurationList;
			buildConfigurations = (
				3E56AB6B297E0E6E00DB5F4F /* Debug */,
				3E56AB6C297E0E6E00DB5F4F /* Release */,
			);
			defaultConfigurationIsVisible = 0;
			defaultConfigurationName = Release;
		};
/* End XCConfigurationList section */
	};
	rootObject = 3E56AB5B297E0E6E00DB5F4F /* Project object */;
}
