// !$*UTF8*$!
{
	archiveVersion = 1;
	classes = {
	};
	objectVersion = 53;
	objects = {

/* Begin PBXBuildFile section */
		3E07A62229CE8FFC00B174A6 /* light.metal in Sources */ = {isa = PBXBuildFile; fileRef = 3E07A62129CE8FFC00B174A6 /* light.metal */; };
		3E32487B29CFFB53009CDE34 /* libglfw3.a in Frameworks */ = {isa = PBXBuildFile; fileRef = 3E32487729CFF9F4009CDE34 /* libglfw3.a */; };
		3E32487E29CFFC3B009CDE34 /* Cocoa.framework in Frameworks */ = {isa = PBXBuildFile; fileRef = 3E32487D29CFFC3B009CDE34 /* Cocoa.framework */; };
		3E32488129CFFC4D009CDE34 /* IOKit.framework in Frameworks */ = {isa = PBXBuildFile; fileRef = 3E32487F29CFFC41009CDE34 /* IOKit.framework */; };
		3E56AB67297E0E6E00DB5F4F /* main.mm in Sources */ = {isa = PBXBuildFile; fileRef = 3E56AB66297E0E6E00DB5F4F /* main.mm */; };
		3E581F1629871D3000E5CDF6 /* QuartzCore.framework in Frameworks */ = {isa = PBXBuildFile; fileRef = 3E581F1529871D3000E5CDF6 /* QuartzCore.framework */; };
		3E581F1829871D3400E5CDF6 /* Metal.framework in Frameworks */ = {isa = PBXBuildFile; fileRef = 3E581F1729871D3400E5CDF6 /* Metal.framework */; };
		3E581F1A29871D4300E5CDF6 /* Foundation.framework in Frameworks */ = {isa = PBXBuildFile; fileRef = 3E581F1929871D4300E5CDF6 /* Foundation.framework */; };
		3E5C802129EA0E9100DB49E7 /* libassimp.a in Frameworks */ = {isa = PBXBuildFile; fileRef = 3E05BEE329E8E8A1005D1184 /* libassimp.a */; };
		3E5C802429EA0EE400DB49E7 /* libzlibstatic.a in Frameworks */ = {isa = PBXBuildFile; fileRef = 3E5C802329EA0EE400DB49E7 /* libzlibstatic.a */; };
		3E5C802729EA21D500DB49E7 /* mesh.cpp in Sources */ = {isa = PBXBuildFile; fileRef = 3E5C802529EA21D500DB49E7 /* mesh.cpp */; };
		3E5C802D29EA237300DB49E7 /* tiny_obj_loader.cpp in Sources */ = {isa = PBXBuildFile; fileRef = 3E5C802C29EA237300DB49E7 /* tiny_obj_loader.cpp */; };
		3E6B88E429A56CCD0087A2B1 /* stb_image.cpp in Sources */ = {isa = PBXBuildFile; fileRef = 3E6B88E229A56CCD0087A2B1 /* stb_image.cpp */; };
		3E6DC92C29A81BE000C097E2 /* AAPLMathUtilities.cpp in Sources */ = {isa = PBXBuildFile; fileRef = 3E6DC92A29A81BE000C097E2 /* AAPLMathUtilities.cpp */; };
		3E76CD6C298767CD00178E19 /* mtl_engine.mm in Sources */ = {isa = PBXBuildFile; fileRef = 3E76CD6A298767CD00178E19 /* mtl_engine.mm */; };
		3E76CD6E2987690700178E19 /* mtl_implementation.cpp in Sources */ = {isa = PBXBuildFile; fileRef = 3E76CD6D2987690700178E19 /* mtl_implementation.cpp */; };
		3E76CD7229876E7600178E19 /* model.metal in Sources */ = {isa = PBXBuildFile; fileRef = 3E76CD7129876E7600178E19 /* model.metal */; };
		3E9847DC29F98D6A00209C3D /* TextureArray.cpp in Sources */ = {isa = PBXBuildFile; fileRef = 3E9847DA29F98D6A00209C3D /* TextureArray.cpp */; };
/* End PBXBuildFile section */

/* Begin PBXCopyFilesBuildPhase section */
		3E56AB61297E0E6E00DB5F4F /* CopyFiles */ = {
			isa = PBXCopyFilesBuildPhase;
			buildActionMask = 2147483647;
			dstPath = /usr/share/man/man1/;
			dstSubfolderSpec = 0;
			files = (
			);
			runOnlyForDeploymentPostprocessing = 1;
		};
/* End PBXCopyFilesBuildPhase section */

/* Begin PBXFileReference section */
		3E05BEE329E8E8A1005D1184 /* libassimp.a */ = {isa = PBXFileReference; lastKnownFileType = archive.ar; name = libassimp.a; path = external/assimp/lib/libassimp.a; sourceTree = "<group>"; };
		3E07A62129CE8FFC00B174A6 /* light.metal */ = {isa = PBXFileReference; lastKnownFileType = sourcecode.metal; path = light.metal; sourceTree = "<group>"; };
		3E32487229CFF96B009CDE34 /* include */ = {isa = PBXFileReference; lastKnownFileType = folder; path = include; sourceTree = "<group>"; };
		3E32487429CFF97D009CDE34 /* libglfw3.a */ = {isa = PBXFileReference; lastKnownFileType = archive.ar; name = libglfw3.a; path = "external/GLFW/lib-universal/libglfw3.a"; sourceTree = "<group>"; };
		3E32487729CFF9F4009CDE34 /* libglfw3.a */ = {isa = PBXFileReference; lastKnownFileType = archive.ar; name = libglfw3.a; path = "external/GLFW/lib-arm64/libglfw3.a"; sourceTree = "<group>"; };
		3E32487929CFFB2A009CDE34 /* libglfw.3.dylib */ = {isa = PBXFileReference; lastKnownFileType = "compiled.mach-o.dylib"; name = libglfw.3.dylib; path = "external/GLFW/lib-arm64/libglfw.3.dylib"; sourceTree = "<group>"; };
		3E32487D29CFFC3B009CDE34 /* Cocoa.framework */ = {isa = PBXFileReference; lastKnownFileType = wrapper.framework; name = Cocoa.framework; path = System/Library/Frameworks/Cocoa.framework; sourceTree = SDKROOT; };
		3E32487F29CFFC41009CDE34 /* IOKit.framework */ = {isa = PBXFileReference; lastKnownFileType = wrapper.framework; name = IOKit.framework; path = System/Library/Frameworks/IOKit.framework; sourceTree = SDKROOT; };
		3E32488229CFFC86009CDE34 /* lib-universal */ = {isa = PBXFileReference; lastKnownFileType = folder; path = "lib-universal"; sourceTree = "<group>"; };
		3E47CD272987185800938A41 /* metal-cpp */ = {isa = PBXFileReference; lastKnownFileType = folder; path = "metal-cpp"; sourceTree = "<group>"; };
		3E56AB63297E0E6E00DB5F4F /* Metal-Tutorial */ = {isa = PBXFileReference; explicitFileType = "compiled.mach-o.executable"; includeInIndex = 0; path = "Metal-Tutorial"; sourceTree = BUILT_PRODUCTS_DIR; };
		3E56AB66297E0E6E00DB5F4F /* main.mm */ = {isa = PBXFileReference; lastKnownFileType = sourcecode.cpp.objcpp; path = main.mm; sourceTree = "<group>"; };
		3E581F1529871D3000E5CDF6 /* QuartzCore.framework */ = {isa = PBXFileReference; lastKnownFileType = wrapper.framework; name = QuartzCore.framework; path = System/Library/Frameworks/QuartzCore.framework; sourceTree = SDKROOT; };
		3E581F1729871D3400E5CDF6 /* Metal.framework */ = {isa = PBXFileReference; lastKnownFileType = wrapper.framework; name = Metal.framework; path = System/Library/Frameworks/Metal.framework; sourceTree = SDKROOT; };
		3E581F1929871D4300E5CDF6 /* Foundation.framework */ = {isa = PBXFileReference; lastKnownFileType = wrapper.framework; name = Foundation.framework; path = System/Library/Frameworks/Foundation.framework; sourceTree = SDKROOT; };
		3E5C801F29EA0B9400DB49E7 /* ODST */ = {isa = PBXFileReference; lastKnownFileType = folder; path = ODST; sourceTree = "<group>"; };
		3E5C802329EA0EE400DB49E7 /* libzlibstatic.a */ = {isa = PBXFileReference; lastKnownFileType = archive.ar; name = libzlibstatic.a; path = external/assimp/contrib/zlib/libzlibstatic.a; sourceTree = "<group>"; };
		3E5C802529EA21D500DB49E7 /* mesh.cpp */ = {isa = PBXFileReference; lastKnownFileType = sourcecode.cpp.cpp; path = mesh.cpp; sourceTree = "<group>"; };
		3E5C802629EA21D500DB49E7 /* mesh.hpp */ = {isa = PBXFileReference; lastKnownFileType = sourcecode.cpp.h; path = mesh.hpp; sourceTree = "<group>"; };
		3E5C802929EA229900DB49E7 /* tiny_obj_loader.h */ = {isa = PBXFileReference; fileEncoding = 4; lastKnownFileType = sourcecode.c.h; path = tiny_obj_loader.h; sourceTree = "<group>"; };
		3E5C802C29EA237300DB49E7 /* tiny_obj_loader.cpp */ = {isa = PBXFileReference; lastKnownFileType = sourcecode.cpp.cpp; path = tiny_obj_loader.cpp; sourceTree = "<group>"; };
		3E69EBE92A00D694006968EA /* contrib */ = {isa = PBXFileReference; lastKnownFileType = folder; path = contrib; sourceTree = "<group>"; };
		3E69EBEA2A00D694006968EA /* lib */ = {isa = PBXFileReference; lastKnownFileType = folder; path = lib; sourceTree = "<group>"; };
		3E69EBEB2A00D695006968EA /* include */ = {isa = PBXFileReference; lastKnownFileType = folder; path = include; sourceTree = "<group>"; };
		3E69EBEC2A00D6B1006968EA /* GhostTown */ = {isa = PBXFileReference; lastKnownFileType = folder; path = GhostTown; sourceTree = "<group>"; };
		3E69EBED2A00D6B9006968EA /* Chief */ = {isa = PBXFileReference; lastKnownFileType = folder; path = Chief; sourceTree = "<group>"; };
		3E6B88E229A56CCD0087A2B1 /* stb_image.cpp */ = {isa = PBXFileReference; fileEncoding = 4; lastKnownFileType = sourcecode.cpp.cpp; path = stb_image.cpp; sourceTree = "<group>"; };
		3E6B88E329A56CCD0087A2B1 /* stb_image.h */ = {isa = PBXFileReference; fileEncoding = 4; lastKnownFileType = sourcecode.c.h; path = stb_image.h; sourceTree = "<group>"; };
		3E6DC92A29A81BE000C097E2 /* AAPLMathUtilities.cpp */ = {isa = PBXFileReference; fileEncoding = 4; lastKnownFileType = sourcecode.cpp.cpp; path = AAPLMathUtilities.cpp; sourceTree = "<group>"; };
		3E6DC92B29A81BE000C097E2 /* AAPLMathUtilities.h */ = {isa = PBXFileReference; fileEncoding = 4; lastKnownFileType = sourcecode.c.h; path = AAPLMathUtilities.h; sourceTree = "<group>"; };
		3E76CD672987671200178E19 /* libglfw.3.3.dylib */ = {isa = PBXFileReference; lastKnownFileType = "compiled.mach-o.dylib"; name = libglfw.3.3.dylib; path = ../../../../../opt/homebrew/Cellar/glfw/3.3.8/lib/libglfw.3.3.dylib; sourceTree = "<group>"; };
		3E76CD692987675300178E19 /* Metal-Tutorial.entitlements */ = {isa = PBXFileReference; lastKnownFileType = text.plist.entitlements; path = "Metal-Tutorial.entitlements"; sourceTree = "<group>"; };
		3E76CD6A298767CD00178E19 /* mtl_engine.mm */ = {isa = PBXFileReference; lastKnownFileType = sourcecode.cpp.objcpp; path = mtl_engine.mm; sourceTree = "<group>"; };
		3E76CD6B298767CD00178E19 /* mtl_engine.hpp */ = {isa = PBXFileReference; lastKnownFileType = sourcecode.cpp.h; path = mtl_engine.hpp; sourceTree = "<group>"; };
		3E76CD6D2987690700178E19 /* mtl_implementation.cpp */ = {isa = PBXFileReference; lastKnownFileType = sourcecode.cpp.cpp; path = mtl_implementation.cpp; sourceTree = "<group>"; };
		3E76CD7129876E7600178E19 /* model.metal */ = {isa = PBXFileReference; lastKnownFileType = sourcecode.metal; path = model.metal; sourceTree = "<group>"; };
		3E9847D929F73BC200209C3D /* backpack */ = {isa = PBXFileReference; lastKnownFileType = folder; path = backpack; sourceTree = "<group>"; };
		3E9847DA29F98D6A00209C3D /* TextureArray.cpp */ = {isa = PBXFileReference; lastKnownFileType = sourcecode.cpp.cpp; path = TextureArray.cpp; sourceTree = "<group>"; };
		3E9847DB29F98D6A00209C3D /* TextureArray.hpp */ = {isa = PBXFileReference; lastKnownFileType = sourcecode.cpp.h; path = TextureArray.hpp; sourceTree = "<group>"; };
		3E9F222029A04ED300383DCA /* VertexData.hpp */ = {isa = PBXFileReference; lastKnownFileType = sourcecode.cpp.h; path = VertexData.hpp; sourceTree = "<group>"; };
		3E9F222429A060BA00383DCA /* mc_grass.jpeg */ = {isa = PBXFileReference; lastKnownFileType = image.jpeg; path = mc_grass.jpeg; sourceTree = "<group>"; };
		3EC468F02A01BE07005ED132 /* smg.obj */ = {isa = PBXFileReference; fileEncoding = 4; lastKnownFileType = text; path = smg.obj; sourceTree = "<group>"; };
		3EC468F62A01BE08005ED132 /* smg.mtl */ = {isa = PBXFileReference; fileEncoding = 4; lastKnownFileType = text; path = smg.mtl; sourceTree = "<group>"; };
		3ED7C06A2A00DA2200550CA6 /* textures */ = {isa = PBXFileReference; lastKnownFileType = folder; path = textures; sourceTree = "<group>"; };
		3ED7C0732A00E67100550CA6 /* license.txt */ = {isa = PBXFileReference; fileEncoding = 4; lastKnownFileType = text; path = license.txt; sourceTree = "<group>"; };
/* End PBXFileReference section */

/* Begin PBXFrameworksBuildPhase section */
		3E56AB60297E0E6E00DB5F4F /* Frameworks */ = {
			isa = PBXFrameworksBuildPhase;
			buildActionMask = 2147483647;
			files = (
				3E5C802429EA0EE400DB49E7 /* libzlibstatic.a in Frameworks */,
				3E5C802129EA0E9100DB49E7 /* libassimp.a in Frameworks */,
				3E32487B29CFFB53009CDE34 /* libglfw3.a in Frameworks */,
				3E32488129CFFC4D009CDE34 /* IOKit.framework in Frameworks */,
				3E32487E29CFFC3B009CDE34 /* Cocoa.framework in Frameworks */,
				3E581F1A29871D4300E5CDF6 /* Foundation.framework in Frameworks */,
				3E581F1829871D3400E5CDF6 /* Metal.framework in Frameworks */,
				3E581F1629871D3000E5CDF6 /* QuartzCore.framework in Frameworks */,
			);
			runOnlyForDeploymentPostprocessing = 0;
		};
/* End PBXFrameworksBuildPhase section */

/* Begin PBXGroup section */
		3E32487029CFF93B009CDE34 /* GLFW */ = {
			isa = PBXGroup;
			children = (
				3E32488229CFFC86009CDE34 /* lib-universal */,
				3E32487229CFF96B009CDE34 /* include */,
			);
			path = GLFW;
			sourceTree = "<group>";
		};
		3E56AB5A297E0E6E00DB5F4F = {
			isa = PBXGroup;
			children = (
				3E9F222329A060A600383DCA /* assets */,
				3E47CD272987185800938A41 /* metal-cpp */,
				3E9F222129A05FDB00383DCA /* external */,
				3E56AB65297E0E6E00DB5F4F /* Metal-Tutorial */,
				3E56AB64297E0E6E00DB5F4F /* Products */,
				3E581F1429871D3000E5CDF6 /* Frameworks */,
			);
			sourceTree = "<group>";
		};
		3E56AB64297E0E6E00DB5F4F /* Products */ = {
			isa = PBXGroup;
			children = (
				3E56AB63297E0E6E00DB5F4F /* Metal-Tutorial */,
			);
			name = Products;
			sourceTree = "<group>";
		};
		3E56AB65297E0E6E00DB5F4F /* Metal-Tutorial */ = {
			isa = PBXGroup;
			children = (
				3E76CD692987675300178E19 /* Metal-Tutorial.entitlements */,
				3E76CD7129876E7600178E19 /* model.metal */,
				3E07A62129CE8FFC00B174A6 /* light.metal */,
				3E56AB66297E0E6E00DB5F4F /* main.mm */,
				3E76CD6A298767CD00178E19 /* mtl_engine.mm */,
				3E76CD6B298767CD00178E19 /* mtl_engine.hpp */,
				3E5C802529EA21D500DB49E7 /* mesh.cpp */,
				3E5C802629EA21D500DB49E7 /* mesh.hpp */,
				3E76CD6D2987690700178E19 /* mtl_implementation.cpp */,
				3E9847DA29F98D6A00209C3D /* TextureArray.cpp */,
				3E9847DB29F98D6A00209C3D /* TextureArray.hpp */,
				3E9F222029A04ED300383DCA /* VertexData.hpp */,
				3E6DC92A29A81BE000C097E2 /* AAPLMathUtilities.cpp */,
				3E6DC92B29A81BE000C097E2 /* AAPLMathUtilities.h */,
			);
			path = "Metal-Tutorial";
			sourceTree = "<group>";
		};
		3E581F1429871D3000E5CDF6 /* Frameworks */ = {
			isa = PBXGroup;
			children = (
				3E5C802329EA0EE400DB49E7 /* libzlibstatic.a */,
				3E05BEE329E8E8A1005D1184 /* libassimp.a */,
				3E32487F29CFFC41009CDE34 /* IOKit.framework */,
				3E32487D29CFFC3B009CDE34 /* Cocoa.framework */,
				3E32487929CFFB2A009CDE34 /* libglfw.3.dylib */,
				3E32487429CFF97D009CDE34 /* libglfw3.a */,
				3E32487729CFF9F4009CDE34 /* libglfw3.a */,
				3E76CD672987671200178E19 /* libglfw.3.3.dylib */,
				3E581F1929871D4300E5CDF6 /* Foundation.framework */,
				3E581F1729871D3400E5CDF6 /* Metal.framework */,
				3E581F1529871D3000E5CDF6 /* QuartzCore.framework */,
			);
			name = Frameworks;
			sourceTree = "<group>";
		};
		3E5C802829EA228900DB49E7 /* tinyobjloader */ = {
			isa = PBXGroup;
			children = (
				3E5C802C29EA237300DB49E7 /* tiny_obj_loader.cpp */,
				3E5C802929EA229900DB49E7 /* tiny_obj_loader.h */,
			);
			path = tinyobjloader;
			sourceTree = "<group>";
		};
		3E69EBE82A00D658006968EA /* assimp */ = {
			isa = PBXGroup;
			children = (
				3E69EBE92A00D694006968EA /* contrib */,
				3E69EBEB2A00D695006968EA /* include */,
				3E69EBEA2A00D694006968EA /* lib */,
			);
			path = assimp;
			sourceTree = "<group>";
		};
		3E6B88E529A56CD60087A2B1 /* stb */ = {
			isa = PBXGroup;
			children = (
				3E6B88E229A56CCD0087A2B1 /* stb_image.cpp */,
				3E6B88E329A56CCD0087A2B1 /* stb_image.h */,
			);
			path = stb;
			sourceTree = "<group>";
		};
		3E9F222129A05FDB00383DCA /* external */ = {
			isa = PBXGroup;
			children = (
				3E5C802829EA228900DB49E7 /* tinyobjloader */,
				3E69EBE82A00D658006968EA /* assimp */,
				3E32487029CFF93B009CDE34 /* GLFW */,
				3E6B88E529A56CD60087A2B1 /* stb */,
			);
			path = external;
			sourceTree = "<group>";
		};
		3E9F222329A060A600383DCA /* assets */ = {
			isa = PBXGroup;
			children = (
				3ED7C0692A00DA1800550CA6 /* SMG */,
				3E69EBED2A00D6B9006968EA /* Chief */,
				3E69EBEC2A00D6B1006968EA /* GhostTown */,
				3E9847D929F73BC200209C3D /* backpack */,
				3E5C801F29EA0B9400DB49E7 /* ODST */,
				3E9F222429A060BA00383DCA /* mc_grass.jpeg */,
			);
			path = assets;
			sourceTree = "<group>";
		};
		3ED7C0692A00DA1800550CA6 /* SMG */ = {
			isa = PBXGroup;
			children = (
				3EC468F62A01BE08005ED132 /* smg.mtl */,
				3EC468F02A01BE07005ED132 /* smg.obj */,
				3ED7C0732A00E67100550CA6 /* license.txt */,
				3ED7C06A2A00DA2200550CA6 /* textures */,
			);
			path = SMG;
			sourceTree = "<group>";
		};
/* End PBXGroup section */

/* Begin PBXNativeTarget section */
		3E56AB62297E0E6E00DB5F4F /* Metal-Tutorial */ = {
			isa = PBXNativeTarget;
			buildConfigurationList = 3E56AB6A297E0E6E00DB5F4F /* Build configuration list for PBXNativeTarget "Metal-Tutorial" */;
			buildPhases = (
				3E56AB5F297E0E6E00DB5F4F /* Sources */,
				3E56AB60297E0E6E00DB5F4F /* Frameworks */,
				3E56AB61297E0E6E00DB5F4F /* CopyFiles */,
			);
			buildRules = (
			);
			dependencies = (
			);
			name = "Metal-Tutorial";
			productName = "Metal-Guide";
			productReference = 3E56AB63297E0E6E00DB5F4F /* Metal-Tutorial */;
			productType = "com.apple.product-type.tool";
		};
/* End PBXNativeTarget section */

/* Begin PBXProject section */
		3E56AB5B297E0E6E00DB5F4F /* Project object */ = {
			isa = PBXProject;
			attributes = {
				BuildIndependentTargetsInParallel = 1;
				LastUpgradeCheck = 1420;
				TargetAttributes = {
					3E56AB62297E0E6E00DB5F4F = {
						CreatedOnToolsVersion = 14.2;
					};
				};
			};
			buildConfigurationList = 3E56AB5E297E0E6E00DB5F4F /* Build configuration list for PBXProject "Metal-Tutorial" */;
			compatibilityVersion = "Xcode 10.0";
			developmentRegion = en;
			hasScannedForEncodings = 0;
			knownRegions = (
				en,
				Base,
			);
			mainGroup = 3E56AB5A297E0E6E00DB5F4F;
			productRefGroup = 3E56AB64297E0E6E00DB5F4F /* Products */;
			projectDirPath = "";
			projectRoot = "";
			targets = (
				3E56AB62297E0E6E00DB5F4F /* Metal-Tutorial */,
			);
		};
/* End PBXProject section */

/* Begin PBXSourcesBuildPhase section */
		3E56AB5F297E0E6E00DB5F4F /* Sources */ = {
			isa = PBXSourcesBuildPhase;
			buildActionMask = 2147483647;
			files = (
				3E5C802D29EA237300DB49E7 /* tiny_obj_loader.cpp in Sources */,
				3E9847DC29F98D6A00209C3D /* TextureArray.cpp in Sources */,
				3E6B88E429A56CCD0087A2B1 /* stb_image.cpp in Sources */,
				3E76CD6E2987690700178E19 /* mtl_implementation.cpp in Sources */,
				3E76CD7229876E7600178E19 /* model.metal in Sources */,
				3E07A62229CE8FFC00B174A6 /* light.metal in Sources */,
				3E6DC92C29A81BE000C097E2 /* AAPLMathUtilities.cpp in Sources */,
				3E56AB67297E0E6E00DB5F4F /* main.mm in Sources */,
				3E5C802729EA21D500DB49E7 /* mesh.cpp in Sources */,
				3E76CD6C298767CD00178E19 /* mtl_engine.mm in Sources */,
			);
			runOnlyForDeploymentPostprocessing = 0;
		};
/* End PBXSourcesBuildPhase section */

/* Begin XCBuildConfiguration section */
		3E56AB68297E0E6E00DB5F4F /* Debug */ = {
			isa = XCBuildConfiguration;
			buildSettings = {
				ALWAYS_SEARCH_USER_PATHS = NO;
				CLANG_ANALYZER_NONNULL = YES;
				CLANG_ANALYZER_NUMBER_OBJECT_CONVERSION = YES_AGGRESSIVE;
				CLANG_CXX_LANGUAGE_STANDARD = "gnu++20";
				CLANG_ENABLE_MODULES = YES;
				CLANG_ENABLE_OBJC_ARC = YES;
				CLANG_ENABLE_OBJC_WEAK = YES;
				CLANG_WARN_BLOCK_CAPTURE_AUTORELEASING = YES;
				CLANG_WARN_BOOL_CONVERSION = YES;
				CLANG_WARN_COMMA = YES;
				CLANG_WARN_CONSTANT_CONVERSION = YES;
				CLANG_WARN_DEPRECATED_OBJC_IMPLEMENTATIONS = NO;
				CLANG_WARN_DIRECT_OBJC_ISA_USAGE = YES_ERROR;
				CLANG_WARN_DOCUMENTATION_COMMENTS = YES;
				CLANG_WARN_EMPTY_BODY = YES;
				CLANG_WARN_ENUM_CONVERSION = YES;
				CLANG_WARN_INFINITE_RECURSION = YES;
				CLANG_WARN_INT_CONVERSION = YES;
				CLANG_WARN_NON_LITERAL_NULL_CONVERSION = YES;
				CLANG_WARN_OBJC_IMPLICIT_RETAIN_SELF = YES;
				CLANG_WARN_OBJC_LITERAL_CONVERSION = YES;
				CLANG_WARN_OBJC_ROOT_CLASS = YES_ERROR;
				CLANG_WARN_QUOTED_INCLUDE_IN_FRAMEWORK_HEADER = YES;
				CLANG_WARN_RANGE_LOOP_ANALYSIS = YES;
				CLANG_WARN_STRICT_PROTOTYPES = YES;
				CLANG_WARN_SUSPICIOUS_MOVE = YES;
				CLANG_WARN_UNGUARDED_AVAILABILITY = YES_AGGRESSIVE;
				CLANG_WARN_UNREACHABLE_CODE = YES;
				CLANG_WARN__DUPLICATE_METHOD_MATCH = YES;
				COPY_PHASE_STRIP = NO;
				DEBUG_INFORMATION_FORMAT = dwarf;
				ENABLE_STRICT_OBJC_MSGSEND = YES;
				ENABLE_TESTABILITY = YES;
				GCC_C_LANGUAGE_STANDARD = gnu11;
				GCC_DYNAMIC_NO_PIC = NO;
				GCC_NO_COMMON_BLOCKS = YES;
				GCC_OPTIMIZATION_LEVEL = 0;
				GCC_PREPROCESSOR_DEFINITIONS = (
					"DEBUG=1",
					"$(inherited)",
				);
				GCC_WARN_64_TO_32_BIT_CONVERSION = YES;
				GCC_WARN_ABOUT_DEPRECATED_FUNCTIONS = NO;
				GCC_WARN_ABOUT_RETURN_TYPE = YES_ERROR;
				GCC_WARN_UNDECLARED_SELECTOR = YES;
				GCC_WARN_UNINITIALIZED_AUTOS = YES_AGGRESSIVE;
				GCC_WARN_UNUSED_FUNCTION = YES;
				GCC_WARN_UNUSED_VARIABLE = YES;
				MACOSX_DEPLOYMENT_TARGET = 10.14;
				MTL_ENABLE_DEBUG_INFO = INCLUDE_SOURCE;
				MTL_FAST_MATH = YES;
				ONLY_ACTIVE_ARCH = NO;
				SDKROOT = macosx;
			};
			name = Debug;
		};
		3E56AB69297E0E6E00DB5F4F /* Release */ = {
			isa = XCBuildConfiguration;
			buildSettings = {
				ALWAYS_SEARCH_USER_PATHS = NO;
				CLANG_ANALYZER_NONNULL = YES;
				CLANG_ANALYZER_NUMBER_OBJECT_CONVERSION = YES_AGGRESSIVE;
				CLANG_CXX_LANGUAGE_STANDARD = "gnu++20";
				CLANG_ENABLE_MODULES = YES;
				CLANG_ENABLE_OBJC_ARC = YES;
				CLANG_ENABLE_OBJC_WEAK = YES;
				CLANG_WARN_BLOCK_CAPTURE_AUTORELEASING = YES;
				CLANG_WARN_BOOL_CONVERSION = YES;
				CLANG_WARN_COMMA = YES;
				CLANG_WARN_CONSTANT_CONVERSION = YES;
				CLANG_WARN_DEPRECATED_OBJC_IMPLEMENTATIONS = NO;
				CLANG_WARN_DIRECT_OBJC_ISA_USAGE = YES_ERROR;
				CLANG_WARN_DOCUMENTATION_COMMENTS = YES;
				CLANG_WARN_EMPTY_BODY = YES;
				CLANG_WARN_ENUM_CONVERSION = YES;
				CLANG_WARN_INFINITE_RECURSION = YES;
				CLANG_WARN_INT_CONVERSION = YES;
				CLANG_WARN_NON_LITERAL_NULL_CONVERSION = YES;
				CLANG_WARN_OBJC_IMPLICIT_RETAIN_SELF = YES;
				CLANG_WARN_OBJC_LITERAL_CONVERSION = YES;
				CLANG_WARN_OBJC_ROOT_CLASS = YES_ERROR;
				CLANG_WARN_QUOTED_INCLUDE_IN_FRAMEWORK_HEADER = YES;
				CLANG_WARN_RANGE_LOOP_ANALYSIS = YES;
				CLANG_WARN_STRICT_PROTOTYPES = YES;
				CLANG_WARN_SUSPICIOUS_MOVE = YES;
				CLANG_WARN_UNGUARDED_AVAILABILITY = YES_AGGRESSIVE;
				CLANG_WARN_UNREACHABLE_CODE = YES;
				CLANG_WARN__DUPLICATE_METHOD_MATCH = YES;
				COPY_PHASE_STRIP = NO;
				DEBUG_INFORMATION_FORMAT = "dwarf-with-dsym";
				ENABLE_NS_ASSERTIONS = NO;
				ENABLE_STRICT_OBJC_MSGSEND = YES;
				GCC_C_LANGUAGE_STANDARD = gnu11;
				GCC_NO_COMMON_BLOCKS = YES;
				GCC_WARN_64_TO_32_BIT_CONVERSION = YES;
				GCC_WARN_ABOUT_DEPRECATED_FUNCTIONS = NO;
				GCC_WARN_ABOUT_RETURN_TYPE = YES_ERROR;
				GCC_WARN_UNDECLARED_SELECTOR = YES;
				GCC_WARN_UNINITIALIZED_AUTOS = YES_AGGRESSIVE;
				GCC_WARN_UNUSED_FUNCTION = YES;
				GCC_WARN_UNUSED_VARIABLE = YES;
				MACOSX_DEPLOYMENT_TARGET = 10.14;
				MTL_ENABLE_DEBUG_INFO = NO;
				MTL_FAST_MATH = YES;
				ONLY_ACTIVE_ARCH = NO;
				SDKROOT = macosx;
			};
			name = Release;
		};
		3E56AB6B297E0E6E00DB5F4F /* Debug */ = {
			isa = XCBuildConfiguration;
			buildSettings = {
				ARCHS = "$(ARCHS_STANDARD)";
				CLANG_WARN_DEPRECATED_OBJC_IMPLEMENTATIONS = NO;
				CODE_SIGN_ENTITLEMENTS = "Metal-Tutorial/Metal-Tutorial.entitlements";
				CODE_SIGN_IDENTITY = "Apple Development";
				"CODE_SIGN_IDENTITY[sdk=macosx*]" = "Apple Development";
				CODE_SIGN_STYLE = Automatic;
				DEVELOPMENT_TEAM = 8E265M4P59;
				ENABLE_HARDENED_RUNTIME = YES;
				GCC_WARN_ABOUT_DEPRECATED_FUNCTIONS = NO;
				HEADER_SEARCH_PATHS = (
					"$(PROJECT_DIR)/metal-cpp",
					"$(PROJECT_DIR)/external",
					"$(PROJECT_DIR)/external/GLFW/include",
					"$(PROJECT_DIR)/external/assimp/include",
					"$(PROJECT_DIR)/external/tinyobjloader",
				);
				LIBRARY_SEARCH_PATHS = (
					"$(PROJECT_DIR)/external/GLFW/lib-universal",
					"$(PROJECT_DIR)/external/assimp/lib",
					"$(PROJECT_DIR)/external/assimp/contrib/zlib",
				);
				MACOSX_DEPLOYMENT_TARGET = 10.14;
				ONLY_ACTIVE_ARCH = YES;
				OTHER_CFLAGS = "";
				OTHER_CPLUSPLUSFLAGS = "$(OTHER_CFLAGS)";
				PRODUCT_NAME = "$(TARGET_NAME)";
				PROVISIONING_PROFILE_SPECIFIER = "";
				WARNING_CFLAGS = "";
			};
			name = Debug;
		};
		3E56AB6C297E0E6E00DB5F4F /* Release */ = {
			isa = XCBuildConfiguration;
			buildSettings = {
				ARCHS = "$(ARCHS_STANDARD)";
				CLANG_WARN_DEPRECATED_OBJC_IMPLEMENTATIONS = NO;
				CODE_SIGN_ENTITLEMENTS = "Metal-Tutorial/Metal-Tutorial.entitlements";
				CODE_SIGN_IDENTITY = "Apple Development";
				"CODE_SIGN_IDENTITY[sdk=macosx*]" = "Apple Development";
				CODE_SIGN_STYLE = Automatic;
				DEVELOPMENT_TEAM = 8E265M4P59;
				ENABLE_HARDENED_RUNTIME = YES;
				GCC_WARN_ABOUT_DEPRECATED_FUNCTIONS = NO;
				HEADER_SEARCH_PATHS = (
					"$(PROJECT_DIR)/metal-cpp",
					"$(PROJECT_DIR)/external",
					"$(PROJECT_DIR)/external/GLFW/include",
					"$(PROJECT_DIR)/external/assimp/include",
					"$(PROJECT_DIR)/external/tinyobjloader",
				);
				LIBRARY_SEARCH_PATHS = (
					"$(PROJECT_DIR)/external/GLFW/lib-universal",
					"$(PROJECT_DIR)/external/assimp/lib",
					"$(PROJECT_DIR)/external/assimp/contrib/zlib",
				);
				MACOSX_DEPLOYMENT_TARGET = 10.14;
				ONLY_ACTIVE_ARCH = YES;
				OTHER_CFLAGS = "";
				OTHER_CPLUSPLUSFLAGS = "$(OTHER_CFLAGS)";
				PRODUCT_NAME = "$(TARGET_NAME)";
				PROVISIONING_PROFILE_SPECIFIER = "";
				WARNING_CFLAGS = "";
			};
			name = Release;
		};
/* End XCBuildConfiguration section */

/* Begin XCConfigurationList section */
		3E56AB5E297E0E6E00DB5F4F /* Build configuration list for PBXProject "Metal-Tutorial" */ = {
			isa = XCConfigurationList;
			buildConfigurations = (
				3E56AB68297E0E6E00DB5F4F /* Debug */,
				3E56AB69297E0E6E00DB5F4F /* Release */,
			);
			defaultConfigurationIsVisible = 0;
			defaultConfigurationName = Release;
		};
		3E56AB6A297E0E6E00DB5F4F /* Build configuration list for PBXNativeTarget "Metal-Tutorial" */ = {
			isa = XCConfigurationList;
			buildConfigurations = (
				3E56AB6B297E0E6E00DB5F4F /* Debug */,
				3E56AB6C297E0E6E00DB5F4F /* Release */,
			);
			defaultConfigurationIsVisible = 0;
			defaultConfigurationName = Release;
		};
/* End XCConfigurationList section */
	};
	rootObject = 3E56AB5B297E0E6E00DB5F4F /* Project object */;
}
